
Microsoft Visual Studio Solution File, Format Version 12.00
# Visual Studio Version 17
VisualStudioVersion = 17.7.34031.279
MinimumVisualStudioVersion = 10.0.40219.1
Project("{FAE04EC0-301F-11D3-BF4B-00C04F79EFBC}") = "SistemaInventarioV6", "SistemaInventarioV6\SistemaInventarioV6.csproj", "{CA13A270-9CAE-4B28-9B34-7C67C4310BAC}"
EndProject
Global
	GlobalSection(SolutionConfigurationPlatforms) = preSolution
		Debug|Any CPU = Debug|Any CPU
		Release|Any CPU = Release|Any CPU
	EndGlobalSection
	GlobalSection(ProjectConfigurationPlatforms) = postSolution
		{CA13A270-9CAE-4B28-9B34-7C67C4310BAC}.Debug|Any CPU.ActiveCfg = Debug|Any CPU
		{CA13A270-9CAE-4B28-9B34-7C67C4310BAC}.Debug|Any CPU.Build.0 = Debug|Any CPU
		{CA13A270-9CAE-4B28-9B34-7C67C4310BAC}.Release|Any CPU.ActiveCfg = Release|Any CPU
		{CA13A270-9CAE-4B28-9B34-7C67C4310BAC}.Release|Any CPU.Build.0 = Release|Any CPU
	EndGlobalSection
	GlobalSection(SolutionProperties) = preSolution
		HideSolutionNode = FALSE
	EndGlobalSection
	GlobalSection(ExtensibilityGlobals) = postSolution
		SolutionGuid = {F5625A99-8D6F-4048-9D06-A837FF0B50E9}
	EndGlobalSection
EndGlobal
